
Microsoft Visual Studio Solution File, Format Version 12.00
# Visual Studio Version 16
VisualStudioVersion = 16.0.28803.202
MinimumVisualStudioVersion = 10.0.40219.1
Project("{888888A0-9F3D-457C-B088-3A5042F75D52}") = "TwitterEmotionClassification", "TwitterEmotionClassification.pyproj", "{5379FA5B-C4F5-42B4-B7B6-BEBF73980B22}"
EndProject
Project("{2150E333-8FDC-42A3-9474-1A3956D46DE8}") = "Solution Items", "Solution Items", "{4C64C32C-EBBD-4BA0-84F9-D13E3EB15BE3}"
	ProjectSection(SolutionItems) = preProject
		config.xml = config.xml
	EndProjectSection
EndProject
Global
	GlobalSection(SolutionConfigurationPlatforms) = preSolution
		Debug|Any CPU = Debug|Any CPU
		Release|Any CPU = Release|Any CPU
	EndGlobalSection
	GlobalSection(ProjectConfigurationPlatforms) = postSolution
		{5379FA5B-C4F5-42B4-B7B6-BEBF73980B22}.Debug|Any CPU.ActiveCfg = Debug|Any CPU
		{5379FA5B-C4F5-42B4-B7B6-BEBF73980B22}.Release|Any CPU.ActiveCfg = Release|Any CPU
	EndGlobalSection
	GlobalSection(SolutionProperties) = preSolution
		HideSolutionNode = FALSE
	EndGlobalSection
	GlobalSection(ExtensibilityGlobals) = postSolution
		SolutionGuid = {0C4EC37D-6DF8-4940-8EAF-0726EC468EE7}
	EndGlobalSection
EndGlobal
